// !$*UTF8*$!
{
	archiveVersion = 1;
	classes = {
	};
	objectVersion = 46;
	objects = {

/* Begin PBXBuildFile section */
		DE78B5671D93E0A200C0AB9A /* AppDelegate.swift in Sources */ = {isa = PBXBuildFile; fileRef = DE78B5661D93E0A200C0AB9A /* AppDelegate.swift */; };
		DE78B5691D93E0A300C0AB9A /* ViewController.swift in Sources */ = {isa = PBXBuildFile; fileRef = DE78B5681D93E0A300C0AB9A /* ViewController.swift */; };
		DE78B56C1D93E0A300C0AB9A /* Main.storyboard in Resources */ = {isa = PBXBuildFile; fileRef = DE78B56A1D93E0A300C0AB9A /* Main.storyboard */; };
		DE78B56E1D93E0A300C0AB9A /* Assets.xcassets in Resources */ = {isa = PBXBuildFile; fileRef = DE78B56D1D93E0A300C0AB9A /* Assets.xcassets */; };
		DE78B5711D93E0A300C0AB9A /* LaunchScreen.storyboard in Resources */ = {isa = PBXBuildFile; fileRef = DE78B56F1D93E0A300C0AB9A /* LaunchScreen.storyboard */; };
		DE78B5801D93E2B400C0AB9A /* NotoSans-Bold.ttf in Resources */ = {isa = PBXBuildFile; fileRef = DE78B57C1D93E2B400C0AB9A /* NotoSans-Bold.ttf */; };
		DE78B5811D93E2B400C0AB9A /* NotoSans-BoldItalic.ttf in Resources */ = {isa = PBXBuildFile; fileRef = DE78B57D1D93E2B400C0AB9A /* NotoSans-BoldItalic.ttf */; };
		DE78B5821D93E2B400C0AB9A /* NotoSans-Italic.ttf in Resources */ = {isa = PBXBuildFile; fileRef = DE78B57E1D93E2B400C0AB9A /* NotoSans-Italic.ttf */; };
		DE78B5831D93E2B400C0AB9A /* NotoSans-Regular.ttf in Resources */ = {isa = PBXBuildFile; fileRef = DE78B57F1D93E2B400C0AB9A /* NotoSans-Regular.ttf */; };
/* End PBXBuildFile section */

/* Begin PBXFileReference section */
		DE78B5631D93E09E00C0AB9A /* s11-showcase-app.app */ = {isa = PBXFileReference; explicitFileType = wrapper.application; includeInIndex = 0; path = "s11-showcase-app.app"; sourceTree = BUILT_PRODUCTS_DIR; };
		DE78B5661D93E0A200C0AB9A /* AppDelegate.swift */ = {isa = PBXFileReference; lastKnownFileType = sourcecode.swift; path = AppDelegate.swift; sourceTree = "<group>"; };
		DE78B5681D93E0A300C0AB9A /* ViewController.swift */ = {isa = PBXFileReference; lastKnownFileType = sourcecode.swift; path = ViewController.swift; sourceTree = "<group>"; };
		DE78B56B1D93E0A300C0AB9A /* Base */ = {isa = PBXFileReference; lastKnownFileType = file.storyboard; name = Base; path = Base.lproj/Main.storyboard; sourceTree = "<group>"; };
		DE78B56D1D93E0A300C0AB9A /* Assets.xcassets */ = {isa = PBXFileReference; lastKnownFileType = folder.assetcatalog; path = Assets.xcassets; sourceTree = "<group>"; };
		DE78B5701D93E0A300C0AB9A /* Base */ = {isa = PBXFileReference; lastKnownFileType = file.storyboard; name = Base; path = Base.lproj/LaunchScreen.storyboard; sourceTree = "<group>"; };
		DE78B5721D93E0A300C0AB9A /* Info.plist */ = {isa = PBXFileReference; lastKnownFileType = text.plist.xml; path = Info.plist; sourceTree = "<group>"; };
		DE78B57C1D93E2B400C0AB9A /* NotoSans-Bold.ttf */ = {isa = PBXFileReference; lastKnownFileType = file; path = "NotoSans-Bold.ttf"; sourceTree = "<group>"; };
		DE78B57D1D93E2B400C0AB9A /* NotoSans-BoldItalic.ttf */ = {isa = PBXFileReference; lastKnownFileType = file; path = "NotoSans-BoldItalic.ttf"; sourceTree = "<group>"; };
		DE78B57E1D93E2B400C0AB9A /* NotoSans-Italic.ttf */ = {isa = PBXFileReference; lastKnownFileType = file; path = "NotoSans-Italic.ttf"; sourceTree = "<group>"; };
		DE78B57F1D93E2B400C0AB9A /* NotoSans-Regular.ttf */ = {isa = PBXFileReference; lastKnownFileType = file; path = "NotoSans-Regular.ttf"; sourceTree = "<group>"; };
/* End PBXFileReference section */

/* Begin PBXFrameworksBuildPhase section */
		DE78B5601D93E09E00C0AB9A /* Frameworks */ = {
			isa = PBXFrameworksBuildPhase;
			buildActionMask = 2147483647;
			files = (
			);
			runOnlyForDeploymentPostprocessing = 0;
		};
/* End PBXFrameworksBuildPhase section */

/* Begin PBXGroup section */
		DE78B55A1D93E09B00C0AB9A = {
			isa = PBXGroup;
			children = (
				DE78B5651D93E0A200C0AB9A /* s11-showcase-app */,
				DE78B5641D93E09E00C0AB9A /* Products */,
			);
			sourceTree = "<group>";
		};
		DE78B5641D93E09E00C0AB9A /* Products */ = {
			isa = PBXGroup;
			children = (
				DE78B5631D93E09E00C0AB9A /* s11-showcase-app.app */,
			);
			name = Products;
			sourceTree = "<group>";
		};
		DE78B5651D93E0A200C0AB9A /* s11-showcase-app */ = {
			isa = PBXGroup;
			children = (
				DE78B57B1D93E13300C0AB9A /* Resources */,
				DE78B57A1D93E12200C0AB9A /* Model */,
				DE78B5791D93E10900C0AB9A /* View */,
				DE78B5781D93E0FE00C0AB9A /* Controller */,
				DE78B5661D93E0A200C0AB9A /* AppDelegate.swift */,
				DE78B5681D93E0A300C0AB9A /* ViewController.swift */,
				DE78B56D1D93E0A300C0AB9A /* Assets.xcassets */,
				DE78B5721D93E0A300C0AB9A /* Info.plist */,
			);
			path = "s11-showcase-app";
			sourceTree = "<group>";
		};
		DE78B5781D93E0FE00C0AB9A /* Controller */ = {
			isa = PBXGroup;
			children = (
			);
			name = Controller;
			sourceTree = "<group>";
		};
		DE78B5791D93E10900C0AB9A /* View */ = {
			isa = PBXGroup;
			children = (
				DE78B56A1D93E0A300C0AB9A /* Main.storyboard */,
				DE78B56F1D93E0A300C0AB9A /* LaunchScreen.storyboard */,
			);
			name = View;
			sourceTree = "<group>";
		};
		DE78B57A1D93E12200C0AB9A /* Model */ = {
			isa = PBXGroup;
			children = (
			);
			name = Model;
			sourceTree = "<group>";
		};
		DE78B57B1D93E13300C0AB9A /* Resources */ = {
			isa = PBXGroup;
			children = (
				DE78B57C1D93E2B400C0AB9A /* NotoSans-Bold.ttf */,
				DE78B57D1D93E2B400C0AB9A /* NotoSans-BoldItalic.ttf */,
				DE78B57E1D93E2B400C0AB9A /* NotoSans-Italic.ttf */,
				DE78B57F1D93E2B400C0AB9A /* NotoSans-Regular.ttf */,
			);
			name = Resources;
			sourceTree = "<group>";
		};
/* End PBXGroup section */

/* Begin PBXNativeTarget section */
		DE78B5621D93E09E00C0AB9A /* s11-showcase-app */ = {
			isa = PBXNativeTarget;
			buildConfigurationList = DE78B5751D93E0A400C0AB9A /* Build configuration list for PBXNativeTarget "s11-showcase-app" */;
			buildPhases = (
				DE78B55F1D93E09E00C0AB9A /* Sources */,
				DE78B5601D93E09E00C0AB9A /* Frameworks */,
				DE78B5611D93E09E00C0AB9A /* Resources */,
			);
			buildRules = (
			);
			dependencies = (
			);
			name = "s11-showcase-app";
			productName = "s11-showcase-app";
			productReference = DE78B5631D93E09E00C0AB9A /* s11-showcase-app.app */;
			productType = "com.apple.product-type.application";
		};
/* End PBXNativeTarget section */

/* Begin PBXProject section */
		DE78B55B1D93E09C00C0AB9A /* Project object */ = {
			isa = PBXProject;
			attributes = {
				LastSwiftUpdateCheck = 0730;
				LastUpgradeCheck = 0730;
				ORGANIZATIONNAME = "Commelius Solutions Ltd.";
				TargetAttributes = {
					DE78B5621D93E09E00C0AB9A = {
						CreatedOnToolsVersion = 7.3.1;
					};
				};
			};
			buildConfigurationList = DE78B55E1D93E09C00C0AB9A /* Build configuration list for PBXProject "s11-showcase-app" */;
			compatibilityVersion = "Xcode 3.2";
			developmentRegion = English;
			hasScannedForEncodings = 0;
			knownRegions = (
				en,
				Base,
			);
			mainGroup = DE78B55A1D93E09B00C0AB9A;
			productRefGroup = DE78B5641D93E09E00C0AB9A /* Products */;
			projectDirPath = "";
			projectRoot = "";
			targets = (
				DE78B5621D93E09E00C0AB9A /* s11-showcase-app */,
			);
		};
/* End PBXProject section */

/* Begin PBXResourcesBuildPhase section */
		DE78B5611D93E09E00C0AB9A /* Resources */ = {
			isa = PBXResourcesBuildPhase;
			buildActionMask = 2147483647;
			files = (
				DE78B5801D93E2B400C0AB9A /* NotoSans-Bold.ttf in Resources */,
				DE78B5711D93E0A300C0AB9A /* LaunchScreen.storyboard in Resources */,
				DE78B5811D93E2B400C0AB9A /* NotoSans-BoldItalic.ttf in Resources */,
				DE78B5821D93E2B400C0AB9A /* NotoSans-Italic.ttf in Resources */,
				DE78B56E1D93E0A300C0AB9A /* Assets.xcassets in Resources */,
				DE78B56C1D93E0A300C0AB9A /* Main.storyboard in Resources */,
				DE78B5831D93E2B400C0AB9A /* NotoSans-Regular.ttf in Resources */,
			);
			runOnlyForDeploymentPostprocessing = 0;
		};
/* End PBXResourcesBuildPhase section */

/* Begin PBXSourcesBuildPhase section */
		DE78B55F1D93E09E00C0AB9A /* Sources */ = {
			isa = PBXSourcesBuildPhase;
			buildActionMask = 2147483647;
			files = (
				DE78B5691D93E0A300C0AB9A /* ViewController.swift in Sources */,
				DE78B5671D93E0A200C0AB9A /* AppDelegate.swift in Sources */,
			);
			runOnlyForDeploymentPostprocessing = 0;
		};
/* End PBXSourcesBuildPhase section */

/* Begin PBXVariantGroup section */
		DE78B56A1D93E0A300C0AB9A /* Main.storyboard */ = {
			isa = PBXVariantGroup;
			children = (
				DE78B56B1D93E0A300C0AB9A /* Base */,
			);
			name = Main.storyboard;
			sourceTree = "<group>";
		};
		DE78B56F1D93E0A300C0AB9A /* LaunchScreen.storyboard */ = {
			isa = PBXVariantGroup;
			children = (
				DE78B5701D93E0A300C0AB9A /* Base */,
			);
			name = LaunchScreen.storyboard;
			sourceTree = "<group>";
		};
/* End PBXVariantGroup section */

/* Begin XCBuildConfiguration section */
		DE78B5731D93E0A300C0AB9A /* Debug */ = {
			isa = XCBuildConfiguration;
			buildSettings = {
				ALWAYS_SEARCH_USER_PATHS = NO;
				CLANG_ANALYZER_NONNULL = YES;
				CLANG_CXX_LANGUAGE_STANDARD = "gnu++0x";
				CLANG_CXX_LIBRARY = "libc++";
				CLANG_ENABLE_MODULES = YES;
				CLANG_ENABLE_OBJC_ARC = YES;
				CLANG_WARN_BOOL_CONVERSION = YES;
				CLANG_WARN_CONSTANT_CONVERSION = YES;
				CLANG_WARN_DIRECT_OBJC_ISA_USAGE = YES_ERROR;
				CLANG_WARN_EMPTY_BODY = YES;
				CLANG_WARN_ENUM_CONVERSION = YES;
				CLANG_WARN_INT_CONVERSION = YES;
				CLANG_WARN_OBJC_ROOT_CLASS = YES_ERROR;
				CLANG_WARN_UNREACHABLE_CODE = YES;
				CLANG_WARN__DUPLICATE_METHOD_MATCH = YES;
				"CODE_SIGN_IDENTITY[sdk=iphoneos*]" = "iPhone Developer";
				COPY_PHASE_STRIP = NO;
				DEBUG_INFORMATION_FORMAT = dwarf;
				ENABLE_STRICT_OBJC_MSGSEND = YES;
				ENABLE_TESTABILITY = YES;
				GCC_C_LANGUAGE_STANDARD = gnu99;
				GCC_DYNAMIC_NO_PIC = NO;
				GCC_NO_COMMON_BLOCKS = YES;
				GCC_OPTIMIZATION_LEVEL = 0;
				GCC_PREPROCESSOR_DEFINITIONS = (
					"DEBUG=1",
					"$(inherited)",
				);
				GCC_WARN_64_TO_32_BIT_CONVERSION = YES;
				GCC_WARN_ABOUT_RETURN_TYPE = YES_ERROR;
				GCC_WARN_UNDECLARED_SELECTOR = YES;
				GCC_WARN_UNINITIALIZED_AUTOS = YES_AGGRESSIVE;
				GCC_WARN_UNUSED_FUNCTION = YES;
				GCC_WARN_UNUSED_VARIABLE = YES;
				IPHONEOS_DEPLOYMENT_TARGET = 9.3;
				MTL_ENABLE_DEBUG_INFO = YES;
				ONLY_ACTIVE_ARCH = YES;
				SDKROOT = iphoneos;
				SWIFT_OPTIMIZATION_LEVEL = "-Onone";
				TARGETED_DEVICE_FAMILY = "1,2";
			};
			name = Debug;
		};
		DE78B5741D93E0A400C0AB9A /* Release */ = {
			isa = XCBuildConfiguration;
			buildSettings = {
				ALWAYS_SEARCH_USER_PATHS = NO;
				CLANG_ANALYZER_NONNULL = YES;
				CLANG_CXX_LANGUAGE_STANDARD = "gnu++0x";
				CLANG_CXX_LIBRARY = "libc++";
				CLANG_ENABLE_MODULES = YES;
				CLANG_ENABLE_OBJC_ARC = YES;
				CLANG_WARN_BOOL_CONVERSION = YES;
				CLANG_WARN_CONSTANT_CONVERSION = YES;
				CLANG_WARN_DIRECT_OBJC_ISA_USAGE = YES_ERROR;
				CLANG_WARN_EMPTY_BODY = YES;
				CLANG_WARN_ENUM_CONVERSION = YES;
				CLANG_WARN_INT_CONVERSION = YES;
				CLANG_WARN_OBJC_ROOT_CLASS = YES_ERROR;
				CLANG_WARN_UNREACHABLE_CODE = YES;
				CLANG_WARN__DUPLICATE_METHOD_MATCH = YES;
				"CODE_SIGN_IDENTITY[sdk=iphoneos*]" = "iPhone Developer";
				COPY_PHASE_STRIP = NO;
				DEBUG_INFORMATION_FORMAT = "dwarf-with-dsym";
				ENABLE_NS_ASSERTIONS = NO;
				ENABLE_STRICT_OBJC_MSGSEND = YES;
				GCC_C_LANGUAGE_STANDARD = gnu99;
				GCC_NO_COMMON_BLOCKS = YES;
				GCC_WARN_64_TO_32_BIT_CONVERSION = YES;
				GCC_WARN_ABOUT_RETURN_TYPE = YES_ERROR;
				GCC_WARN_UNDECLARED_SELECTOR = YES;
				GCC_WARN_UNINITIALIZED_AUTOS = YES_AGGRESSIVE;
				GCC_WARN_UNUSED_FUNCTION = YES;
				GCC_WARN_UNUSED_VARIABLE = YES;
				IPHONEOS_DEPLOYMENT_TARGET = 9.3;
				MTL_ENABLE_DEBUG_INFO = NO;
				SDKROOT = iphoneos;
				TARGETED_DEVICE_FAMILY = "1,2";
				VALIDATE_PRODUCT = YES;
			};
			name = Release;
		};
		DE78B5761D93E0A400C0AB9A /* Debug */ = {
			isa = XCBuildConfiguration;
			buildSettings = {
				ASSETCATALOG_COMPILER_APPICON_NAME = AppIcon;
				INFOPLIST_FILE = "s11-showcase-app/Info.plist";
				LD_RUNPATH_SEARCH_PATHS = "$(inherited) @executable_path/Frameworks";
				PRODUCT_BUNDLE_IDENTIFIER = "com.commelius.ios.s11-showcase-app";
				PRODUCT_NAME = "$(TARGET_NAME)";
			};
			name = Debug;
		};
		DE78B5771D93E0A400C0AB9A /* Release */ = {
			isa = XCBuildConfiguration;
			buildSettings = {
				ASSETCATALOG_COMPILER_APPICON_NAME = AppIcon;
				INFOPLIST_FILE = "s11-showcase-app/Info.plist";
				LD_RUNPATH_SEARCH_PATHS = "$(inherited) @executable_path/Frameworks";
				PRODUCT_BUNDLE_IDENTIFIER = "com.commelius.ios.s11-showcase-app";
				PRODUCT_NAME = "$(TARGET_NAME)";
			};
			name = Release;
		};
/* End XCBuildConfiguration section */

/* Begin XCConfigurationList section */
		DE78B55E1D93E09C00C0AB9A /* Build configuration list for PBXProject "s11-showcase-app" */ = {
			isa = XCConfigurationList;
			buildConfigurations = (
				DE78B5731D93E0A300C0AB9A /* Debug */,
				DE78B5741D93E0A400C0AB9A /* Release */,
			);
			defaultConfigurationIsVisible = 0;
			defaultConfigurationName = Release;
		};
		DE78B5751D93E0A400C0AB9A /* Build configuration list for PBXNativeTarget "s11-showcase-app" */ = {
			isa = XCConfigurationList;
			buildConfigurations = (
				DE78B5761D93E0A400C0AB9A /* Debug */,
				DE78B5771D93E0A400C0AB9A /* Release */,
			);
			defaultConfigurationIsVisible = 0;
		};
/* End XCConfigurationList section */
	};
	rootObject = DE78B55B1D93E09C00C0AB9A /* Project object */;
}
