// !$*UTF8*$!
{
	archiveVersion = 1;
	classes = {
	};
	objectVersion = 46;
	objects = {

/* Begin PBXBuildFile section */
		3A5052F77990C99A0B29A362 /* Pods_s11_showcase_app.framework in Frameworks */ = {isa = PBXBuildFile; fileRef = 09167A9DA463BBDB324B3868 /* Pods_s11_showcase_app.framework */; };
		DE78B5671D93E0A200C0AB9A /* AppDelegate.swift in Sources */ = {isa = PBXBuildFile; fileRef = DE78B5661D93E0A200C0AB9A /* AppDelegate.swift */; };
		DE78B5691D93E0A300C0AB9A /* ViewController.swift in Sources */ = {isa = PBXBuildFile; fileRef = DE78B5681D93E0A300C0AB9A /* ViewController.swift */; };
		DE78B56C1D93E0A300C0AB9A /* Main.storyboard in Resources */ = {isa = PBXBuildFile; fileRef = DE78B56A1D93E0A300C0AB9A /* Main.storyboard */; };
		DE78B56E1D93E0A300C0AB9A /* Assets.xcassets in Resources */ = {isa = PBXBuildFile; fileRef = DE78B56D1D93E0A300C0AB9A /* Assets.xcassets */; };
		DE78B5711D93E0A300C0AB9A /* LaunchScreen.storyboard in Resources */ = {isa = PBXBuildFile; fileRef = DE78B56F1D93E0A300C0AB9A /* LaunchScreen.storyboard */; };
		DE78B5801D93E2B400C0AB9A /* NotoSans-Bold.ttf in Resources */ = {isa = PBXBuildFile; fileRef = DE78B57C1D93E2B400C0AB9A /* NotoSans-Bold.ttf */; };
		DE78B5811D93E2B400C0AB9A /* NotoSans-BoldItalic.ttf in Resources */ = {isa = PBXBuildFile; fileRef = DE78B57D1D93E2B400C0AB9A /* NotoSans-BoldItalic.ttf */; };
		DE78B5821D93E2B400C0AB9A /* NotoSans-Italic.ttf in Resources */ = {isa = PBXBuildFile; fileRef = DE78B57E1D93E2B400C0AB9A /* NotoSans-Italic.ttf */; };
		DE78B5831D93E2B400C0AB9A /* NotoSans-Regular.ttf in Resources */ = {isa = PBXBuildFile; fileRef = DE78B57F1D93E2B400C0AB9A /* NotoSans-Regular.ttf */; };
		DE78B5851D93F46C00C0AB9A /* MaterialView.swift in Sources */ = {isa = PBXBuildFile; fileRef = DE78B5841D93F46C00C0AB9A /* MaterialView.swift */; };
		DE78B5881D93F4B400C0AB9A /* Constants.swift in Sources */ = {isa = PBXBuildFile; fileRef = DE78B5871D93F4B400C0AB9A /* Constants.swift */; };
		DE78B58A1D93F9CC00C0AB9A /* MaterialButton.swift in Sources */ = {isa = PBXBuildFile; fileRef = DE78B5891D93F9CC00C0AB9A /* MaterialButton.swift */; };
		DE78B58C1D93FF1E00C0AB9A /* MaterialTextField.swift in Sources */ = {isa = PBXBuildFile; fileRef = DE78B58B1D93FF1D00C0AB9A /* MaterialTextField.swift */; };
		DE78B5901D940AAE00C0AB9A /* Bolts.framework in Frameworks */ = {isa = PBXBuildFile; fileRef = DE78B58D1D940AAE00C0AB9A /* Bolts.framework */; };
		DE78B5911D940AAF00C0AB9A /* FBSDKCoreKit.framework in Frameworks */ = {isa = PBXBuildFile; fileRef = DE78B58E1D940AAE00C0AB9A /* FBSDKCoreKit.framework */; };
		DE78B5921D940AAF00C0AB9A /* FBSDKLoginKit.framework in Frameworks */ = {isa = PBXBuildFile; fileRef = DE78B58F1D940AAE00C0AB9A /* FBSDKLoginKit.framework */; };
		DED5867D1D9418F100652013 /* DataService.swift in Sources */ = {isa = PBXBuildFile; fileRef = DED5867C1D9418F100652013 /* DataService.swift */; };
		DED5867F1D941E6600652013 /* GoogleService-Info.plist in Resources */ = {isa = PBXBuildFile; fileRef = DED5867E1D941E6600652013 /* GoogleService-Info.plist */; };
		DEF764B61D9ABE90007F6318 /* FeedVC.swift in Sources */ = {isa = PBXBuildFile; fileRef = DEF764B51D9ABE8F007F6318 /* FeedVC.swift */; };
		DEF764B81D9ABF5F007F6318 /* PostCell.swift in Sources */ = {isa = PBXBuildFile; fileRef = DEF764B71D9ABF5F007F6318 /* PostCell.swift */; };
		DEF764BA1D9BA43F007F6318 /* Post.swift in Sources */ = {isa = PBXBuildFile; fileRef = DEF764B91D9BA43E007F6318 /* Post.swift */; };
/* End PBXBuildFile section */

/* Begin PBXFileReference section */
		09167A9DA463BBDB324B3868 /* Pods_s11_showcase_app.framework */ = {isa = PBXFileReference; explicitFileType = wrapper.framework; includeInIndex = 0; path = Pods_s11_showcase_app.framework; sourceTree = BUILT_PRODUCTS_DIR; };
		1DD0669AC30EF42E049CA4D1 /* Pods-s11-showcase-app.debug.xcconfig */ = {isa = PBXFileReference; includeInIndex = 1; lastKnownFileType = text.xcconfig; name = "Pods-s11-showcase-app.debug.xcconfig"; path = "Pods/Target Support Files/Pods-s11-showcase-app/Pods-s11-showcase-app.debug.xcconfig"; sourceTree = "<group>"; };
		4AF15828E91CD1E08B6CDFD1 /* Pods-s11-showcase-app.release.xcconfig */ = {isa = PBXFileReference; includeInIndex = 1; lastKnownFileType = text.xcconfig; name = "Pods-s11-showcase-app.release.xcconfig"; path = "Pods/Target Support Files/Pods-s11-showcase-app/Pods-s11-showcase-app.release.xcconfig"; sourceTree = "<group>"; };
		DE78B5631D93E09E00C0AB9A /* s11-showcase-app.app */ = {isa = PBXFileReference; explicitFileType = wrapper.application; includeInIndex = 0; path = "s11-showcase-app.app"; sourceTree = BUILT_PRODUCTS_DIR; };
		DE78B5661D93E0A200C0AB9A /* AppDelegate.swift */ = {isa = PBXFileReference; lastKnownFileType = sourcecode.swift; path = AppDelegate.swift; sourceTree = "<group>"; };
		DE78B5681D93E0A300C0AB9A /* ViewController.swift */ = {isa = PBXFileReference; lastKnownFileType = sourcecode.swift; path = ViewController.swift; sourceTree = "<group>"; };
		DE78B56B1D93E0A300C0AB9A /* Base */ = {isa = PBXFileReference; lastKnownFileType = file.storyboard; name = Base; path = Base.lproj/Main.storyboard; sourceTree = "<group>"; };
		DE78B56D1D93E0A300C0AB9A /* Assets.xcassets */ = {isa = PBXFileReference; lastKnownFileType = folder.assetcatalog; path = Assets.xcassets; sourceTree = "<group>"; };
		DE78B5701D93E0A300C0AB9A /* Base */ = {isa = PBXFileReference; lastKnownFileType = file.storyboard; name = Base; path = Base.lproj/LaunchScreen.storyboard; sourceTree = "<group>"; };
		DE78B5721D93E0A300C0AB9A /* Info.plist */ = {isa = PBXFileReference; lastKnownFileType = text.plist.xml; path = Info.plist; sourceTree = "<group>"; };
		DE78B57C1D93E2B400C0AB9A /* NotoSans-Bold.ttf */ = {isa = PBXFileReference; lastKnownFileType = file; path = "NotoSans-Bold.ttf"; sourceTree = "<group>"; };
		DE78B57D1D93E2B400C0AB9A /* NotoSans-BoldItalic.ttf */ = {isa = PBXFileReference; lastKnownFileType = file; path = "NotoSans-BoldItalic.ttf"; sourceTree = "<group>"; };
		DE78B57E1D93E2B400C0AB9A /* NotoSans-Italic.ttf */ = {isa = PBXFileReference; lastKnownFileType = file; path = "NotoSans-Italic.ttf"; sourceTree = "<group>"; };
		DE78B57F1D93E2B400C0AB9A /* NotoSans-Regular.ttf */ = {isa = PBXFileReference; lastKnownFileType = file; path = "NotoSans-Regular.ttf"; sourceTree = "<group>"; };
		DE78B5841D93F46C00C0AB9A /* MaterialView.swift */ = {isa = PBXFileReference; fileEncoding = 4; lastKnownFileType = sourcecode.swift; name = MaterialView.swift; path = View/MaterialView.swift; sourceTree = "<group>"; };
		DE78B5871D93F4B400C0AB9A /* Constants.swift */ = {isa = PBXFileReference; fileEncoding = 4; lastKnownFileType = sourcecode.swift; name = Constants.swift; path = Util/Constants.swift; sourceTree = "<group>"; };
		DE78B5891D93F9CC00C0AB9A /* MaterialButton.swift */ = {isa = PBXFileReference; fileEncoding = 4; lastKnownFileType = sourcecode.swift; name = MaterialButton.swift; path = View/MaterialButton.swift; sourceTree = "<group>"; };
		DE78B58B1D93FF1D00C0AB9A /* MaterialTextField.swift */ = {isa = PBXFileReference; fileEncoding = 4; lastKnownFileType = sourcecode.swift; name = MaterialTextField.swift; path = View/MaterialTextField.swift; sourceTree = "<group>"; };
		DE78B58D1D940AAE00C0AB9A /* Bolts.framework */ = {isa = PBXFileReference; lastKnownFileType = wrapper.framework; name = Bolts.framework; path = ../Bolts.framework; sourceTree = "<group>"; };
		DE78B58E1D940AAE00C0AB9A /* FBSDKCoreKit.framework */ = {isa = PBXFileReference; lastKnownFileType = wrapper.framework; name = FBSDKCoreKit.framework; path = ../FBSDKCoreKit.framework; sourceTree = "<group>"; };
		DE78B58F1D940AAE00C0AB9A /* FBSDKLoginKit.framework */ = {isa = PBXFileReference; lastKnownFileType = wrapper.framework; name = FBSDKLoginKit.framework; path = ../FBSDKLoginKit.framework; sourceTree = "<group>"; };
		DED5867C1D9418F100652013 /* DataService.swift */ = {isa = PBXFileReference; fileEncoding = 4; lastKnownFileType = sourcecode.swift; name = DataService.swift; path = Services/DataService.swift; sourceTree = "<group>"; };
		DED5867E1D941E6600652013 /* GoogleService-Info.plist */ = {isa = PBXFileReference; fileEncoding = 4; lastKnownFileType = text.plist.xml; path = "GoogleService-Info.plist"; sourceTree = "<group>"; };
		DEF764B51D9ABE8F007F6318 /* FeedVC.swift */ = {isa = PBXFileReference; fileEncoding = 4; lastKnownFileType = sourcecode.swift; name = FeedVC.swift; path = Controller/FeedVC.swift; sourceTree = "<group>"; };
		DEF764B71D9ABF5F007F6318 /* PostCell.swift */ = {isa = PBXFileReference; fileEncoding = 4; lastKnownFileType = sourcecode.swift; name = PostCell.swift; path = View/PostCell.swift; sourceTree = "<group>"; };
		DEF764B91D9BA43E007F6318 /* Post.swift */ = {isa = PBXFileReference; fileEncoding = 4; lastKnownFileType = sourcecode.swift; name = Post.swift; path = Model/Post.swift; sourceTree = "<group>"; };
/* End PBXFileReference section */

/* Begin PBXFrameworksBuildPhase section */
		DE78B5601D93E09E00C0AB9A /* Frameworks */ = {
			isa = PBXFrameworksBuildPhase;
			buildActionMask = 2147483647;
			files = (
				DE78B5901D940AAE00C0AB9A /* Bolts.framework in Frameworks */,
				DE78B5911D940AAF00C0AB9A /* FBSDKCoreKit.framework in Frameworks */,
				DE78B5921D940AAF00C0AB9A /* FBSDKLoginKit.framework in Frameworks */,
				3A5052F77990C99A0B29A362 /* Pods_s11_showcase_app.framework in Frameworks */,
			);
			runOnlyForDeploymentPostprocessing = 0;
		};
/* End PBXFrameworksBuildPhase section */

/* Begin PBXGroup section */
		D43ACA7CFE27A2EA97874FFC /* Pods */ = {
			isa = PBXGroup;
			children = (
				1DD0669AC30EF42E049CA4D1 /* Pods-s11-showcase-app.debug.xcconfig */,
				4AF15828E91CD1E08B6CDFD1 /* Pods-s11-showcase-app.release.xcconfig */,
			);
			name = Pods;
			sourceTree = "<group>";
		};
		DE78B55A1D93E09B00C0AB9A = {
			isa = PBXGroup;
			children = (
				DE78B5651D93E0A200C0AB9A /* s11-showcase-app */,
				DE78B5931D940AD000C0AB9A /* Frameworks */,
				DE78B5641D93E09E00C0AB9A /* Products */,
				D43ACA7CFE27A2EA97874FFC /* Pods */,
			);
			sourceTree = "<group>";
		};
		DE78B5641D93E09E00C0AB9A /* Products */ = {
			isa = PBXGroup;
			children = (
				DE78B5631D93E09E00C0AB9A /* s11-showcase-app.app */,
			);
			name = Products;
			sourceTree = "<group>";
		};
		DE78B5651D93E0A200C0AB9A /* s11-showcase-app */ = {
			isa = PBXGroup;
			children = (
				DE78B5861D93F49C00C0AB9A /* Util */,
				DE78B57B1D93E13300C0AB9A /* Resources */,
				DE78B57A1D93E12200C0AB9A /* Model */,
				DE78B5791D93E10900C0AB9A /* View */,
				DE78B5781D93E0FE00C0AB9A /* Controller */,
				DE78B5661D93E0A200C0AB9A /* AppDelegate.swift */,
				DED5867B1D9418BB00652013 /* Services */,
				DE78B56D1D93E0A300C0AB9A /* Assets.xcassets */,
				DED5867E1D941E6600652013 /* GoogleService-Info.plist */,
				DE78B5721D93E0A300C0AB9A /* Info.plist */,
			);
			path = "s11-showcase-app";
			sourceTree = "<group>";
		};
		DE78B5781D93E0FE00C0AB9A /* Controller */ = {
			isa = PBXGroup;
			children = (
				DEF764B51D9ABE8F007F6318 /* FeedVC.swift */,
				DE78B5681D93E0A300C0AB9A /* ViewController.swift */,
			);
			name = Controller;
			sourceTree = "<group>";
		};
		DE78B5791D93E10900C0AB9A /* View */ = {
			isa = PBXGroup;
			children = (
				DE78B56A1D93E0A300C0AB9A /* Main.storyboard */,
				DE78B56F1D93E0A300C0AB9A /* LaunchScreen.storyboard */,
				DE78B5841D93F46C00C0AB9A /* MaterialView.swift */,
				DE78B5891D93F9CC00C0AB9A /* MaterialButton.swift */,
				DE78B58B1D93FF1D00C0AB9A /* MaterialTextField.swift */,
				DEF764B71D9ABF5F007F6318 /* PostCell.swift */,
			);
			name = View;
			sourceTree = "<group>";
		};
		DE78B57A1D93E12200C0AB9A /* Model */ = {
			isa = PBXGroup;
			children = (
				DEF764B91D9BA43E007F6318 /* Post.swift */,
			);
			name = Model;
			sourceTree = "<group>";
		};
		DE78B57B1D93E13300C0AB9A /* Resources */ = {
			isa = PBXGroup;
			children = (
				DE78B57C1D93E2B400C0AB9A /* NotoSans-Bold.ttf */,
				DE78B57D1D93E2B400C0AB9A /* NotoSans-BoldItalic.ttf */,
				DE78B57E1D93E2B400C0AB9A /* NotoSans-Italic.ttf */,
				DE78B57F1D93E2B400C0AB9A /* NotoSans-Regular.ttf */,
			);
			name = Resources;
			sourceTree = "<group>";
		};
		DE78B5861D93F49C00C0AB9A /* Util */ = {
			isa = PBXGroup;
			children = (
				DE78B5871D93F4B400C0AB9A /* Constants.swift */,
			);
			name = Util;
			sourceTree = "<group>";
		};
		DE78B5931D940AD000C0AB9A /* Frameworks */ = {
			isa = PBXGroup;
			children = (
				DE78B58D1D940AAE00C0AB9A /* Bolts.framework */,
				DE78B58E1D940AAE00C0AB9A /* FBSDKCoreKit.framework */,
				DE78B58F1D940AAE00C0AB9A /* FBSDKLoginKit.framework */,
				09167A9DA463BBDB324B3868 /* Pods_s11_showcase_app.framework */,
			);
			name = Frameworks;
			path = "s11-showcase-app";
			sourceTree = "<group>";
		};
		DED5867B1D9418BB00652013 /* Services */ = {
			isa = PBXGroup;
			children = (
				DED5867C1D9418F100652013 /* DataService.swift */,
			);
			name = Services;
			sourceTree = "<group>";
		};
/* End PBXGroup section */

/* Begin PBXNativeTarget section */
		DE78B5621D93E09E00C0AB9A /* s11-showcase-app */ = {
			isa = PBXNativeTarget;
			buildConfigurationList = DE78B5751D93E0A400C0AB9A /* Build configuration list for PBXNativeTarget "s11-showcase-app" */;
			buildPhases = (
				33D39C62A43F4CC94A76A448 /* [CP] Check Pods Manifest.lock */,
				DE78B55F1D93E09E00C0AB9A /* Sources */,
				DE78B5601D93E09E00C0AB9A /* Frameworks */,
				DE78B5611D93E09E00C0AB9A /* Resources */,
				F2835772DB65667258A02FB9 /* [CP] Embed Pods Frameworks */,
				BC8465C8953CBE7C6E2D814F /* [CP] Copy Pods Resources */,
			);
			buildRules = (
			);
			dependencies = (
			);
			name = "s11-showcase-app";
			productName = "s11-showcase-app";
			productReference = DE78B5631D93E09E00C0AB9A /* s11-showcase-app.app */;
			productType = "com.apple.product-type.application";
		};
/* End PBXNativeTarget section */

/* Begin PBXProject section */
		DE78B55B1D93E09C00C0AB9A /* Project object */ = {
			isa = PBXProject;
			attributes = {
				LastSwiftUpdateCheck = 0730;
				LastUpgradeCheck = 0730;
				ORGANIZATIONNAME = "Commelius Solutions Ltd.";
				TargetAttributes = {
					DE78B5621D93E09E00C0AB9A = {
						CreatedOnToolsVersion = 7.3.1;
					};
				};
			};
			buildConfigurationList = DE78B55E1D93E09C00C0AB9A /* Build configuration list for PBXProject "s11-showcase-app" */;
			compatibilityVersion = "Xcode 3.2";
			developmentRegion = English;
			hasScannedForEncodings = 0;
			knownRegions = (
				en,
				Base,
			);
			mainGroup = DE78B55A1D93E09B00C0AB9A;
			productRefGroup = DE78B5641D93E09E00C0AB9A /* Products */;
			projectDirPath = "";
			projectRoot = "";
			targets = (
				DE78B5621D93E09E00C0AB9A /* s11-showcase-app */,
			);
		};
/* End PBXProject section */

/* Begin PBXResourcesBuildPhase section */
		DE78B5611D93E09E00C0AB9A /* Resources */ = {
			isa = PBXResourcesBuildPhase;
			buildActionMask = 2147483647;
			files = (
				DE78B5801D93E2B400C0AB9A /* NotoSans-Bold.ttf in Resources */,
				DED5867F1D941E6600652013 /* GoogleService-Info.plist in Resources */,
				DE78B5711D93E0A300C0AB9A /* LaunchScreen.storyboard in Resources */,
				DE78B5811D93E2B400C0AB9A /* NotoSans-BoldItalic.ttf in Resources */,
				DE78B5821D93E2B400C0AB9A /* NotoSans-Italic.ttf in Resources */,
				DE78B56E1D93E0A300C0AB9A /* Assets.xcassets in Resources */,
				DE78B56C1D93E0A300C0AB9A /* Main.storyboard in Resources */,
				DE78B5831D93E2B400C0AB9A /* NotoSans-Regular.ttf in Resources */,
			);
			runOnlyForDeploymentPostprocessing = 0;
		};
/* End PBXResourcesBuildPhase section */

/* Begin PBXShellScriptBuildPhase section */
		33D39C62A43F4CC94A76A448 /* [CP] Check Pods Manifest.lock */ = {
			isa = PBXShellScriptBuildPhase;
			buildActionMask = 2147483647;
			files = (
			);
			inputPaths = (
			);
			name = "[CP] Check Pods Manifest.lock";
			outputPaths = (
			);
			runOnlyForDeploymentPostprocessing = 0;
			shellPath = /bin/sh;
			shellScript = "diff \"${PODS_ROOT}/../Podfile.lock\" \"${PODS_ROOT}/Manifest.lock\" > /dev/null\nif [[ $? != 0 ]] ; then\n    cat << EOM\nerror: The sandbox is not in sync with the Podfile.lock. Run 'pod install' or update your CocoaPods installation.\nEOM\n    exit 1\nfi\n";
			showEnvVarsInLog = 0;
		};
		BC8465C8953CBE7C6E2D814F /* [CP] Copy Pods Resources */ = {
			isa = PBXShellScriptBuildPhase;
			buildActionMask = 2147483647;
			files = (
			);
			inputPaths = (
			);
			name = "[CP] Copy Pods Resources";
			outputPaths = (
			);
			runOnlyForDeploymentPostprocessing = 0;
			shellPath = /bin/sh;
			shellScript = "\"${SRCROOT}/Pods/Target Support Files/Pods-s11-showcase-app/Pods-s11-showcase-app-resources.sh\"\n";
			showEnvVarsInLog = 0;
		};
		F2835772DB65667258A02FB9 /* [CP] Embed Pods Frameworks */ = {
			isa = PBXShellScriptBuildPhase;
			buildActionMask = 2147483647;
			files = (
			);
			inputPaths = (
			);
			name = "[CP] Embed Pods Frameworks";
			outputPaths = (
			);
			runOnlyForDeploymentPostprocessing = 0;
			shellPath = /bin/sh;
			shellScript = "\"${SRCROOT}/Pods/Target Support Files/Pods-s11-showcase-app/Pods-s11-showcase-app-frameworks.sh\"\n";
			showEnvVarsInLog = 0;
		};
/* End PBXShellScriptBuildPhase section */

/* Begin PBXSourcesBuildPhase section */
		DE78B55F1D93E09E00C0AB9A /* Sources */ = {
			isa = PBXSourcesBuildPhase;
			buildActionMask = 2147483647;
			files = (
				DE78B58C1D93FF1E00C0AB9A /* MaterialTextField.swift in Sources */,
				DED5867D1D9418F100652013 /* DataService.swift in Sources */,
				DE78B5851D93F46C00C0AB9A /* MaterialView.swift in Sources */,
				DE78B5691D93E0A300C0AB9A /* ViewController.swift in Sources */,
				DEF764B61D9ABE90007F6318 /* FeedVC.swift in Sources */,
				DEF764B81D9ABF5F007F6318 /* PostCell.swift in Sources */,
				DE78B5671D93E0A200C0AB9A /* AppDelegate.swift in Sources */,
				DE78B5881D93F4B400C0AB9A /* Constants.swift in Sources */,
				DE78B58A1D93F9CC00C0AB9A /* MaterialButton.swift in Sources */,
				DEF764BA1D9BA43F007F6318 /* Post.swift in Sources */,
			);
			runOnlyForDeploymentPostprocessing = 0;
		};
/* End PBXSourcesBuildPhase section */

/* Begin PBXVariantGroup section */
		DE78B56A1D93E0A300C0AB9A /* Main.storyboard */ = {
			isa = PBXVariantGroup;
			children = (
				DE78B56B1D93E0A300C0AB9A /* Base */,
			);
			name = Main.storyboard;
			sourceTree = "<group>";
		};
		DE78B56F1D93E0A300C0AB9A /* LaunchScreen.storyboard */ = {
			isa = PBXVariantGroup;
			children = (
				DE78B5701D93E0A300C0AB9A /* Base */,
			);
			name = LaunchScreen.storyboard;
			sourceTree = "<group>";
		};
/* End PBXVariantGroup section */

/* Begin XCBuildConfiguration section */
		DE78B5731D93E0A300C0AB9A /* Debug */ = {
			isa = XCBuildConfiguration;
			buildSettings = {
				ALWAYS_SEARCH_USER_PATHS = NO;
				CLANG_ANALYZER_NONNULL = YES;
				CLANG_CXX_LANGUAGE_STANDARD = "gnu++0x";
				CLANG_CXX_LIBRARY = "libc++";
				CLANG_ENABLE_MODULES = YES;
				CLANG_ENABLE_OBJC_ARC = YES;
				CLANG_WARN_BOOL_CONVERSION = YES;
				CLANG_WARN_CONSTANT_CONVERSION = YES;
				CLANG_WARN_DIRECT_OBJC_ISA_USAGE = YES_ERROR;
				CLANG_WARN_EMPTY_BODY = YES;
				CLANG_WARN_ENUM_CONVERSION = YES;
				CLANG_WARN_INT_CONVERSION = YES;
				CLANG_WARN_OBJC_ROOT_CLASS = YES_ERROR;
				CLANG_WARN_UNREACHABLE_CODE = YES;
				CLANG_WARN__DUPLICATE_METHOD_MATCH = YES;
				"CODE_SIGN_IDENTITY[sdk=iphoneos*]" = "iPhone Developer";
				COPY_PHASE_STRIP = NO;
				DEBUG_INFORMATION_FORMAT = dwarf;
				ENABLE_STRICT_OBJC_MSGSEND = YES;
				ENABLE_TESTABILITY = YES;
				GCC_C_LANGUAGE_STANDARD = gnu99;
				GCC_DYNAMIC_NO_PIC = NO;
				GCC_NO_COMMON_BLOCKS = YES;
				GCC_OPTIMIZATION_LEVEL = 0;
				GCC_PREPROCESSOR_DEFINITIONS = (
					"DEBUG=1",
					"$(inherited)",
				);
				GCC_WARN_64_TO_32_BIT_CONVERSION = YES;
				GCC_WARN_ABOUT_RETURN_TYPE = YES_ERROR;
				GCC_WARN_UNDECLARED_SELECTOR = YES;
				GCC_WARN_UNINITIALIZED_AUTOS = YES_AGGRESSIVE;
				GCC_WARN_UNUSED_FUNCTION = YES;
				GCC_WARN_UNUSED_VARIABLE = YES;
				IPHONEOS_DEPLOYMENT_TARGET = 9.3;
				MTL_ENABLE_DEBUG_INFO = YES;
				ONLY_ACTIVE_ARCH = YES;
				SDKROOT = iphoneos;
				SWIFT_OPTIMIZATION_LEVEL = "-Onone";
				TARGETED_DEVICE_FAMILY = "1,2";
			};
			name = Debug;
		};
		DE78B5741D93E0A400C0AB9A /* Release */ = {
			isa = XCBuildConfiguration;
			buildSettings = {
				ALWAYS_SEARCH_USER_PATHS = NO;
				CLANG_ANALYZER_NONNULL = YES;
				CLANG_CXX_LANGUAGE_STANDARD = "gnu++0x";
				CLANG_CXX_LIBRARY = "libc++";
				CLANG_ENABLE_MODULES = YES;
				CLANG_ENABLE_OBJC_ARC = YES;
				CLANG_WARN_BOOL_CONVERSION = YES;
				CLANG_WARN_CONSTANT_CONVERSION = YES;
				CLANG_WARN_DIRECT_OBJC_ISA_USAGE = YES_ERROR;
				CLANG_WARN_EMPTY_BODY = YES;
				CLANG_WARN_ENUM_CONVERSION = YES;
				CLANG_WARN_INT_CONVERSION = YES;
				CLANG_WARN_OBJC_ROOT_CLASS = YES_ERROR;
				CLANG_WARN_UNREACHABLE_CODE = YES;
				CLANG_WARN__DUPLICATE_METHOD_MATCH = YES;
				"CODE_SIGN_IDENTITY[sdk=iphoneos*]" = "iPhone Developer";
				COPY_PHASE_STRIP = NO;
				DEBUG_INFORMATION_FORMAT = "dwarf-with-dsym";
				ENABLE_NS_ASSERTIONS = NO;
				ENABLE_STRICT_OBJC_MSGSEND = YES;
				GCC_C_LANGUAGE_STANDARD = gnu99;
				GCC_NO_COMMON_BLOCKS = YES;
				GCC_WARN_64_TO_32_BIT_CONVERSION = YES;
				GCC_WARN_ABOUT_RETURN_TYPE = YES_ERROR;
				GCC_WARN_UNDECLARED_SELECTOR = YES;
				GCC_WARN_UNINITIALIZED_AUTOS = YES_AGGRESSIVE;
				GCC_WARN_UNUSED_FUNCTION = YES;
				GCC_WARN_UNUSED_VARIABLE = YES;
				IPHONEOS_DEPLOYMENT_TARGET = 9.3;
				MTL_ENABLE_DEBUG_INFO = NO;
				SDKROOT = iphoneos;
				TARGETED_DEVICE_FAMILY = "1,2";
				VALIDATE_PRODUCT = YES;
			};
			name = Release;
		};
		DE78B5761D93E0A400C0AB9A /* Debug */ = {
			isa = XCBuildConfiguration;
			baseConfigurationReference = 1DD0669AC30EF42E049CA4D1 /* Pods-s11-showcase-app.debug.xcconfig */;
			buildSettings = {
				ASSETCATALOG_COMPILER_APPICON_NAME = AppIcon;
				FRAMEWORK_SEARCH_PATHS = (
					"$(inherited)",
					"$(PROJECT_DIR)",
				);
				INFOPLIST_FILE = "s11-showcase-app/Info.plist";
				LD_RUNPATH_SEARCH_PATHS = "$(inherited) @executable_path/Frameworks";
				PRODUCT_BUNDLE_IDENTIFIER = "com.commelius.ios.s11-showcase-app";
				PRODUCT_NAME = "$(TARGET_NAME)";
			};
			name = Debug;
		};
		DE78B5771D93E0A400C0AB9A /* Release */ = {
			isa = XCBuildConfiguration;
			baseConfigurationReference = 4AF15828E91CD1E08B6CDFD1 /* Pods-s11-showcase-app.release.xcconfig */;
			buildSettings = {
				ASSETCATALOG_COMPILER_APPICON_NAME = AppIcon;
				FRAMEWORK_SEARCH_PATHS = (
					"$(inherited)",
					"$(PROJECT_DIR)",
				);
				INFOPLIST_FILE = "s11-showcase-app/Info.plist";
				LD_RUNPATH_SEARCH_PATHS = "$(inherited) @executable_path/Frameworks";
				PRODUCT_BUNDLE_IDENTIFIER = "com.commelius.ios.s11-showcase-app";
				PRODUCT_NAME = "$(TARGET_NAME)";
			};
			name = Release;
		};
/* End XCBuildConfiguration section */

/* Begin XCConfigurationList section */
		DE78B55E1D93E09C00C0AB9A /* Build configuration list for PBXProject "s11-showcase-app" */ = {
			isa = XCConfigurationList;
			buildConfigurations = (
				DE78B5731D93E0A300C0AB9A /* Debug */,
				DE78B5741D93E0A400C0AB9A /* Release */,
			);
			defaultConfigurationIsVisible = 0;
			defaultConfigurationName = Release;
		};
		DE78B5751D93E0A400C0AB9A /* Build configuration list for PBXNativeTarget "s11-showcase-app" */ = {
			isa = XCConfigurationList;
			buildConfigurations = (
				DE78B5761D93E0A400C0AB9A /* Debug */,
				DE78B5771D93E0A400C0AB9A /* Release */,
			);
			defaultConfigurationIsVisible = 0;
			defaultConfigurationName = Release;
		};
/* End XCConfigurationList section */
	};
	rootObject = DE78B55B1D93E09C00C0AB9A /* Project object */;
}
